
Microsoft Visual Studio Solution File, Format Version 12.00
Project("{FAE04EC0-301F-11D3-BF4B-00C04F79EFBC}") = "asp-net-core-erp", "asp-net-core-erp.csproj", "{26DD1FF0-A683-4C1D-A8D6-2E12A6A62D93}"
EndProject
Global
	GlobalSection(SolutionConfigurationPlatforms) = preSolution
		Debug|Any CPU = Debug|Any CPU
		Release|Any CPU = Release|Any CPU
	EndGlobalSection
	GlobalSection(ProjectConfigurationPlatforms) = postSolution
		{26DD1FF0-A683-4C1D-A8D6-2E12A6A62D93}.Debug|Any CPU.ActiveCfg = Debug|Any CPU
		{26DD1FF0-A683-4C1D-A8D6-2E12A6A62D93}.Debug|Any CPU.Build.0 = Debug|Any CPU
		{26DD1FF0-A683-4C1D-A8D6-2E12A6A62D93}.Release|Any CPU.ActiveCfg = Release|Any CPU
		{26DD1FF0-A683-4C1D-A8D6-2E12A6A62D93}.Release|Any CPU.Build.0 = Release|Any CPU
	EndGlobalSection
EndGlobal
